
Microsoft Visual Studio Solution File, Format Version 12.00
# Visual Studio Version 17
VisualStudioVersion = 17.8.34309.116
MinimumVisualStudioVersion = 10.0.40219.1
Project("{9A19103F-16F7-4668-BE54-9A1E7A4F7556}") = "Suyaa.Data", "Suyaa.Data\Suyaa.Data.csproj", "{0914E88C-A5E9-48AB-B801-6EEAE23A5C2F}"
EndProject
Project("{9A19103F-16F7-4668-BE54-9A1E7A4F7556}") = "Suyaa.Data.Oracle", "Suyaa.Data.Oracle\Suyaa.Data.Oracle.csproj", "{43C3FA38-9FE3-48D1-B3BE-2A8692155347}"
EndProject
Project("{9A19103F-16F7-4668-BE54-9A1E7A4F7556}") = "Suyaa.Data.PostgreSQL", "Suyaa.Data.PostgreSQL\Suyaa.Data.PostgreSQL.csproj", "{59B7B194-B0F6-49F8-BB16-8FBC7BE60E74}"
EndProject
Project("{9A19103F-16F7-4668-BE54-9A1E7A4F7556}") = "Suyaa.Data.Sqlite", "Suyaa.Data.Sqlite\Suyaa.Data.Sqlite.csproj", "{43C346B1-BBFF-469E-A943-105B44024C28}"
EndProject
Project("{9A19103F-16F7-4668-BE54-9A1E7A4F7556}") = "Suyaa.EFCore", "Suyaa.EFCore\Suyaa.EFCore.csproj", "{3FFA244A-EB61-4B59-91E6-2103C377723C}"
EndProject
Project("{9A19103F-16F7-4668-BE54-9A1E7A4F7556}") = "Suyaa.EFCore.PostgreSQL", "Suyaa.EFCore.PostgreSQL\Suyaa.EFCore.PostgreSQL.csproj", "{960F2C7C-CEFD-4369-9D66-37BF6BE757B1}"
EndProject
Project("{9A19103F-16F7-4668-BE54-9A1E7A4F7556}") = "Suyaa.EFCore.Sqlite", "Suyaa.EFCore.Sqlite\Suyaa.EFCore.Sqlite.csproj", "{8CC74E5B-B4CF-44DD-AAB1-7CB5F90DCA64}"
EndProject
Project("{9A19103F-16F7-4668-BE54-9A1E7A4F7556}") = "Suyaa.EFCore.SqlServer", "Suyaa.EFCore.SqlServer\Suyaa.EFCore.SqlServer.csproj", "{22BE34F7-20DA-4420-8116-67479AF1A5F9}"
EndProject
Project("{2150E333-8FDC-42A3-9474-1A3956D46DE8}") = "UnitTests", "UnitTests", "{2FC109A2-1390-4501-869B-E127574E4EBB}"
EndProject
Project("{9A19103F-16F7-4668-BE54-9A1E7A4F7556}") = "SuyaaTest.PostgreSQL", "UnitTests\Suyaa.PostgreSQL.Tests\SuyaaTest.PostgreSQL.csproj", "{BB89FBB5-B767-4D93-9BEF-8EFCFD9F7B51}"
EndProject
Project("{9A19103F-16F7-4668-BE54-9A1E7A4F7556}") = "SuyaaTest.Sqlite", "UnitTests\Suyaa.Sqlite.Tests\SuyaaTest.Sqlite.csproj", "{DB3F30B2-8B5A-4371-A518-4D92261A45A3}"
EndProject
Project("{9A19103F-16F7-4668-BE54-9A1E7A4F7556}") = "SuyaaTest.Oracle", "UnitTests\SuyaaTest.Oracle\SuyaaTest.Oracle.csproj", "{1BE1CD2A-47DE-4D3F-BEDF-C7DEA0890AD9}"
EndProject
Project("{2150E333-8FDC-42A3-9474-1A3956D46DE8}") = "Demo", "Demo", "{4D7C7114-349B-4A2B-ADD8-B466E32ABC65}"
EndProject
Project("{FAE04EC0-301F-11D3-BF4B-00C04F79EFBC}") = "Demo.PostgreSql", "Demo\Demo.PostgreSql\Demo.PostgreSql.csproj", "{80E3FE5C-BCE6-4108-A016-0279332A251E}"
EndProject
Global
	GlobalSection(SolutionConfigurationPlatforms) = preSolution
		Debug|Any CPU = Debug|Any CPU
		Release|Any CPU = Release|Any CPU
	EndGlobalSection
	GlobalSection(ProjectConfigurationPlatforms) = postSolution
		{0914E88C-A5E9-48AB-B801-6EEAE23A5C2F}.Debug|Any CPU.ActiveCfg = Debug|Any CPU
		{0914E88C-A5E9-48AB-B801-6EEAE23A5C2F}.Debug|Any CPU.Build.0 = Debug|Any CPU
		{0914E88C-A5E9-48AB-B801-6EEAE23A5C2F}.Release|Any CPU.ActiveCfg = Release|Any CPU
		{0914E88C-A5E9-48AB-B801-6EEAE23A5C2F}.Release|Any CPU.Build.0 = Release|Any CPU
		{43C3FA38-9FE3-48D1-B3BE-2A8692155347}.Debug|Any CPU.ActiveCfg = Debug|Any CPU
		{43C3FA38-9FE3-48D1-B3BE-2A8692155347}.Debug|Any CPU.Build.0 = Debug|Any CPU
		{43C3FA38-9FE3-48D1-B3BE-2A8692155347}.Release|Any CPU.ActiveCfg = Release|Any CPU
		{43C3FA38-9FE3-48D1-B3BE-2A8692155347}.Release|Any CPU.Build.0 = Release|Any CPU
		{59B7B194-B0F6-49F8-BB16-8FBC7BE60E74}.Debug|Any CPU.ActiveCfg = Debug|Any CPU
		{59B7B194-B0F6-49F8-BB16-8FBC7BE60E74}.Debug|Any CPU.Build.0 = Debug|Any CPU
		{59B7B194-B0F6-49F8-BB16-8FBC7BE60E74}.Release|Any CPU.ActiveCfg = Release|Any CPU
		{59B7B194-B0F6-49F8-BB16-8FBC7BE60E74}.Release|Any CPU.Build.0 = Release|Any CPU
		{43C346B1-BBFF-469E-A943-105B44024C28}.Debug|Any CPU.ActiveCfg = Debug|Any CPU
		{43C346B1-BBFF-469E-A943-105B44024C28}.Debug|Any CPU.Build.0 = Debug|Any CPU
		{43C346B1-BBFF-469E-A943-105B44024C28}.Release|Any CPU.ActiveCfg = Release|Any CPU
		{43C346B1-BBFF-469E-A943-105B44024C28}.Release|Any CPU.Build.0 = Release|Any CPU
		{3FFA244A-EB61-4B59-91E6-2103C377723C}.Debug|Any CPU.ActiveCfg = Debug|Any CPU
		{3FFA244A-EB61-4B59-91E6-2103C377723C}.Debug|Any CPU.Build.0 = Debug|Any CPU
		{3FFA244A-EB61-4B59-91E6-2103C377723C}.Release|Any CPU.ActiveCfg = Release|Any CPU
		{3FFA244A-EB61-4B59-91E6-2103C377723C}.Release|Any CPU.Build.0 = Release|Any CPU
		{960F2C7C-CEFD-4369-9D66-37BF6BE757B1}.Debug|Any CPU.ActiveCfg = Debug|Any CPU
		{960F2C7C-CEFD-4369-9D66-37BF6BE757B1}.Debug|Any CPU.Build.0 = Debug|Any CPU
		{960F2C7C-CEFD-4369-9D66-37BF6BE757B1}.Release|Any CPU.ActiveCfg = Release|Any CPU
		{960F2C7C-CEFD-4369-9D66-37BF6BE757B1}.Release|Any CPU.Build.0 = Release|Any CPU
		{8CC74E5B-B4CF-44DD-AAB1-7CB5F90DCA64}.Debug|Any CPU.ActiveCfg = Debug|Any CPU
		{8CC74E5B-B4CF-44DD-AAB1-7CB5F90DCA64}.Debug|Any CPU.Build.0 = Debug|Any CPU
		{8CC74E5B-B4CF-44DD-AAB1-7CB5F90DCA64}.Release|Any CPU.ActiveCfg = Release|Any CPU
		{8CC74E5B-B4CF-44DD-AAB1-7CB5F90DCA64}.Release|Any CPU.Build.0 = Release|Any CPU
		{22BE34F7-20DA-4420-8116-67479AF1A5F9}.Debug|Any CPU.ActiveCfg = Debug|Any CPU
		{22BE34F7-20DA-4420-8116-67479AF1A5F9}.Debug|Any CPU.Build.0 = Debug|Any CPU
		{22BE34F7-20DA-4420-8116-67479AF1A5F9}.Release|Any CPU.ActiveCfg = Release|Any CPU
		{22BE34F7-20DA-4420-8116-67479AF1A5F9}.Release|Any CPU.Build.0 = Release|Any CPU
		{BB89FBB5-B767-4D93-9BEF-8EFCFD9F7B51}.Debug|Any CPU.ActiveCfg = Debug|Any CPU
		{BB89FBB5-B767-4D93-9BEF-8EFCFD9F7B51}.Debug|Any CPU.Build.0 = Debug|Any CPU
		{BB89FBB5-B767-4D93-9BEF-8EFCFD9F7B51}.Release|Any CPU.ActiveCfg = Release|Any CPU
		{BB89FBB5-B767-4D93-9BEF-8EFCFD9F7B51}.Release|Any CPU.Build.0 = Release|Any CPU
		{DB3F30B2-8B5A-4371-A518-4D92261A45A3}.Debug|Any CPU.ActiveCfg = Debug|Any CPU
		{DB3F30B2-8B5A-4371-A518-4D92261A45A3}.Debug|Any CPU.Build.0 = Debug|Any CPU
		{DB3F30B2-8B5A-4371-A518-4D92261A45A3}.Release|Any CPU.ActiveCfg = Release|Any CPU
		{DB3F30B2-8B5A-4371-A518-4D92261A45A3}.Release|Any CPU.Build.0 = Release|Any CPU
		{1BE1CD2A-47DE-4D3F-BEDF-C7DEA0890AD9}.Debug|Any CPU.ActiveCfg = Debug|Any CPU
		{1BE1CD2A-47DE-4D3F-BEDF-C7DEA0890AD9}.Debug|Any CPU.Build.0 = Debug|Any CPU
		{1BE1CD2A-47DE-4D3F-BEDF-C7DEA0890AD9}.Release|Any CPU.ActiveCfg = Release|Any CPU
		{1BE1CD2A-47DE-4D3F-BEDF-C7DEA0890AD9}.Release|Any CPU.Build.0 = Release|Any CPU
		{80E3FE5C-BCE6-4108-A016-0279332A251E}.Debug|Any CPU.ActiveCfg = Debug|Any CPU
		{80E3FE5C-BCE6-4108-A016-0279332A251E}.Debug|Any CPU.Build.0 = Debug|Any CPU
		{80E3FE5C-BCE6-4108-A016-0279332A251E}.Release|Any CPU.ActiveCfg = Release|Any CPU
		{80E3FE5C-BCE6-4108-A016-0279332A251E}.Release|Any CPU.Build.0 = Release|Any CPU
	EndGlobalSection
	GlobalSection(SolutionProperties) = preSolution
		HideSolutionNode = FALSE
	EndGlobalSection
	GlobalSection(NestedProjects) = preSolution
		{BB89FBB5-B767-4D93-9BEF-8EFCFD9F7B51} = {2FC109A2-1390-4501-869B-E127574E4EBB}
		{DB3F30B2-8B5A-4371-A518-4D92261A45A3} = {2FC109A2-1390-4501-869B-E127574E4EBB}
		{1BE1CD2A-47DE-4D3F-BEDF-C7DEA0890AD9} = {2FC109A2-1390-4501-869B-E127574E4EBB}
		{80E3FE5C-BCE6-4108-A016-0279332A251E} = {4D7C7114-349B-4A2B-ADD8-B466E32ABC65}
	EndGlobalSection
	GlobalSection(ExtensibilityGlobals) = postSolution
		SolutionGuid = {FD5514D4-9171-4EF9-8876-E7F9DC71BB7C}
	EndGlobalSection
EndGlobal
